
Microsoft Visual Studio Solution File, Format Version 12.00
# Visual Studio 15
VisualStudioVersion = 15.0.27130.2036
MinimumVisualStudioVersion = 10.0.40219.1
Project("{2150E333-8FDC-42A3-9474-1A3956D46DE8}") = "Util", "Util", "{09D76D4C-E243-4AC2-91E4-7643BA55B431}"
EndProject
Project("{FAE04EC0-301F-11D3-BF4B-00C04F79EFBC}") = "ImportAndCompare", "Import\ImportAndCompare\ImportAndCompare.csproj", "{45D13C0C-8348-4770-B532-E82975BF4849}"
EndProject
Project("{FAE04EC0-301F-11D3-BF4B-00C04F79EFBC}") = "PewBibleKjv", "PewBibleKjv\PewBibleKjv.csproj", "{F95DBC7F-78D5-4012-AC86-50128B37D551}"
EndProject
Project("{9A19103F-16F7-4668-BE54-9A1E7A4F7556}") = "PewBibleKjv.Text", "PewBibleKjv.Text\PewBibleKjv.Text.csproj", "{4AA1929C-1CC9-4F67-A24B-8364732A2BD2}"
EndProject
Project("{9A19103F-16F7-4668-BE54-9A1E7A4F7556}") = "PewBibleKjv.Logic", "PewBibleKjv.Logic\PewBibleKjv.Logic.csproj", "{A6061CF3-7C3F-4F19-8915-8FC67727B22F}"
EndProject
Project("{FAE04EC0-301F-11D3-BF4B-00C04F79EFBC}") = "UnitTests", "UnitTests\UnitTests.csproj", "{47AA8CD1-178B-4C64-956B-4397CC2D7514}"
EndProject
Global
	GlobalSection(SolutionConfigurationPlatforms) = preSolution
		Debug|Any CPU = Debug|Any CPU
		Dev|Any CPU = Dev|Any CPU
		Release|Any CPU = Release|Any CPU
	EndGlobalSection
	GlobalSection(ProjectConfigurationPlatforms) = postSolution
		{45D13C0C-8348-4770-B532-E82975BF4849}.Debug|Any CPU.ActiveCfg = Debug|Any CPU
		{45D13C0C-8348-4770-B532-E82975BF4849}.Debug|Any CPU.Build.0 = Debug|Any CPU
		{45D13C0C-8348-4770-B532-E82975BF4849}.Dev|Any CPU.ActiveCfg = Dev|Any CPU
		{45D13C0C-8348-4770-B532-E82975BF4849}.Dev|Any CPU.Build.0 = Dev|Any CPU
		{45D13C0C-8348-4770-B532-E82975BF4849}.Release|Any CPU.ActiveCfg = Release|Any CPU
		{45D13C0C-8348-4770-B532-E82975BF4849}.Release|Any CPU.Build.0 = Release|Any CPU
		{F95DBC7F-78D5-4012-AC86-50128B37D551}.Debug|Any CPU.ActiveCfg = Debug|Any CPU
		{F95DBC7F-78D5-4012-AC86-50128B37D551}.Debug|Any CPU.Build.0 = Debug|Any CPU
		{F95DBC7F-78D5-4012-AC86-50128B37D551}.Debug|Any CPU.Deploy.0 = Debug|Any CPU
		{F95DBC7F-78D5-4012-AC86-50128B37D551}.Dev|Any CPU.ActiveCfg = Dev|Any CPU
		{F95DBC7F-78D5-4012-AC86-50128B37D551}.Release|Any CPU.ActiveCfg = Release|Any CPU
		{F95DBC7F-78D5-4012-AC86-50128B37D551}.Release|Any CPU.Build.0 = Release|Any CPU
		{F95DBC7F-78D5-4012-AC86-50128B37D551}.Release|Any CPU.Deploy.0 = Release|Any CPU
		{4AA1929C-1CC9-4F67-A24B-8364732A2BD2}.Debug|Any CPU.ActiveCfg = Debug|Any CPU
		{4AA1929C-1CC9-4F67-A24B-8364732A2BD2}.Debug|Any CPU.Build.0 = Debug|Any CPU
		{4AA1929C-1CC9-4F67-A24B-8364732A2BD2}.Dev|Any CPU.ActiveCfg = Dev|Any CPU
		{4AA1929C-1CC9-4F67-A24B-8364732A2BD2}.Dev|Any CPU.Build.0 = Dev|Any CPU
		{4AA1929C-1CC9-4F67-A24B-8364732A2BD2}.Release|Any CPU.ActiveCfg = Release|Any CPU
		{4AA1929C-1CC9-4F67-A24B-8364732A2BD2}.Release|Any CPU.Build.0 = Release|Any CPU
		{A6061CF3-7C3F-4F19-8915-8FC67727B22F}.Debug|Any CPU.ActiveCfg = Debug|Any CPU
		{A6061CF3-7C3F-4F19-8915-8FC67727B22F}.Debug|Any CPU.Build.0 = Debug|Any CPU
		{A6061CF3-7C3F-4F19-8915-8FC67727B22F}.Dev|Any CPU.ActiveCfg = Dev|Any CPU
		{A6061CF3-7C3F-4F19-8915-8FC67727B22F}.Dev|Any CPU.Build.0 = Dev|Any CPU
		{A6061CF3-7C3F-4F19-8915-8FC67727B22F}.Release|Any CPU.ActiveCfg = Release|Any CPU
		{A6061CF3-7C3F-4F19-8915-8FC67727B22F}.Release|Any CPU.Build.0 = Release|Any CPU
		{47AA8CD1-178B-4C64-956B-4397CC2D7514}.Debug|Any CPU.ActiveCfg = Debug|Any CPU
		{47AA8CD1-178B-4C64-956B-4397CC2D7514}.Debug|Any CPU.Build.0 = Debug|Any CPU
		{47AA8CD1-178B-4C64-956B-4397CC2D7514}.Dev|Any CPU.ActiveCfg = Debug|Any CPU
		{47AA8CD1-178B-4C64-956B-4397CC2D7514}.Dev|Any CPU.Build.0 = Debug|Any CPU
		{47AA8CD1-178B-4C64-956B-4397CC2D7514}.Release|Any CPU.ActiveCfg = Release|Any CPU
		{47AA8CD1-178B-4C64-956B-4397CC2D7514}.Release|Any CPU.Build.0 = Release|Any CPU
	EndGlobalSection
	GlobalSection(SolutionProperties) = preSolution
		HideSolutionNode = FALSE
	EndGlobalSection
	GlobalSection(NestedProjects) = preSolution
		{45D13C0C-8348-4770-B532-E82975BF4849} = {09D76D4C-E243-4AC2-91E4-7643BA55B431}
	EndGlobalSection
	GlobalSection(ExtensibilityGlobals) = postSolution
		SolutionGuid = {A1578CEE-B521-4A77-9531-DA1F46AE38A5}
	EndGlobalSection
EndGlobal
