
Microsoft Visual Studio Solution File, Format Version 12.00
# Visual Studio 15
VisualStudioVersion = 15.0.27130.2036
MinimumVisualStudioVersion = 10.0.40219.1
Project("{9A19103F-16F7-4668-BE54-9A1E7A4F7556}") = "Text", "Text\Text.csproj", "{ED045C85-8855-4534-99B7-A342CB20D6FC}"
EndProject
Project("{2150E333-8FDC-42A3-9474-1A3956D46DE8}") = "Util", "Util", "{09D76D4C-E243-4AC2-91E4-7643BA55B431}"
EndProject
Project("{FAE04EC0-301F-11D3-BF4B-00C04F79EFBC}") = "UnitTests", "UnitTests\UnitTests.csproj", "{D58FEC62-07E8-4A8E-8C35-204CC96196C9}"
EndProject
Project("{FAE04EC0-301F-11D3-BF4B-00C04F79EFBC}") = "ImportAndCompare", "Import\ImportAndCompare\ImportAndCompare.csproj", "{45D13C0C-8348-4770-B532-E82975BF4849}"
EndProject
Project("{FAE04EC0-301F-11D3-BF4B-00C04F79EFBC}") = "PewBibleKjv", "PewBibleKjv\PewBibleKjv.csproj", "{F95DBC7F-78D5-4012-AC86-50128B37D551}"
EndProject
Global
	GlobalSection(SolutionConfigurationPlatforms) = preSolution
		Debug|Any CPU = Debug|Any CPU
		Release|Any CPU = Release|Any CPU
	EndGlobalSection
	GlobalSection(ProjectConfigurationPlatforms) = postSolution
		{ED045C85-8855-4534-99B7-A342CB20D6FC}.Debug|Any CPU.ActiveCfg = Debug|Any CPU
		{ED045C85-8855-4534-99B7-A342CB20D6FC}.Debug|Any CPU.Build.0 = Debug|Any CPU
		{ED045C85-8855-4534-99B7-A342CB20D6FC}.Release|Any CPU.ActiveCfg = Release|Any CPU
		{ED045C85-8855-4534-99B7-A342CB20D6FC}.Release|Any CPU.Build.0 = Release|Any CPU
		{D58FEC62-07E8-4A8E-8C35-204CC96196C9}.Debug|Any CPU.ActiveCfg = Debug|Any CPU
		{D58FEC62-07E8-4A8E-8C35-204CC96196C9}.Debug|Any CPU.Build.0 = Debug|Any CPU
		{D58FEC62-07E8-4A8E-8C35-204CC96196C9}.Release|Any CPU.ActiveCfg = Release|Any CPU
		{D58FEC62-07E8-4A8E-8C35-204CC96196C9}.Release|Any CPU.Build.0 = Release|Any CPU
		{45D13C0C-8348-4770-B532-E82975BF4849}.Debug|Any CPU.ActiveCfg = Debug|Any CPU
		{45D13C0C-8348-4770-B532-E82975BF4849}.Debug|Any CPU.Build.0 = Debug|Any CPU
		{45D13C0C-8348-4770-B532-E82975BF4849}.Release|Any CPU.ActiveCfg = Release|Any CPU
		{45D13C0C-8348-4770-B532-E82975BF4849}.Release|Any CPU.Build.0 = Release|Any CPU
		{F95DBC7F-78D5-4012-AC86-50128B37D551}.Debug|Any CPU.ActiveCfg = Debug|Any CPU
		{F95DBC7F-78D5-4012-AC86-50128B37D551}.Debug|Any CPU.Build.0 = Debug|Any CPU
		{F95DBC7F-78D5-4012-AC86-50128B37D551}.Debug|Any CPU.Deploy.0 = Debug|Any CPU
		{F95DBC7F-78D5-4012-AC86-50128B37D551}.Release|Any CPU.ActiveCfg = Release|Any CPU
		{F95DBC7F-78D5-4012-AC86-50128B37D551}.Release|Any CPU.Build.0 = Release|Any CPU
		{F95DBC7F-78D5-4012-AC86-50128B37D551}.Release|Any CPU.Deploy.0 = Release|Any CPU
	EndGlobalSection
	GlobalSection(SolutionProperties) = preSolution
		HideSolutionNode = FALSE
	EndGlobalSection
	GlobalSection(NestedProjects) = preSolution
		{45D13C0C-8348-4770-B532-E82975BF4849} = {09D76D4C-E243-4AC2-91E4-7643BA55B431}
	EndGlobalSection
	GlobalSection(ExtensibilityGlobals) = postSolution
		SolutionGuid = {A1578CEE-B521-4A77-9531-DA1F46AE38A5}
	EndGlobalSection
EndGlobal
